
Microsoft Visual Studio Solution File, Format Version 12.00
# Visual Studio 15
Project("{FAE04EC0-301F-11D3-BF4B-00C04F79EFBC}") = "Unity.Timeline", "Unity.Timeline.csproj", "{752DCDAF-2A10-7EE8-0744-BB00E07E2330}"
EndProject
Project("{FAE04EC0-301F-11D3-BF4B-00C04F79EFBC}") = "Unity.InputSystem", "Unity.InputSystem.csproj", "{694D0565-A92D-DEA1-1851-AD5D09AB346B}"
EndProject
Project("{FAE04EC0-301F-11D3-BF4B-00C04F79EFBC}") = "Unity.VisualScripting.Flow", "Unity.VisualScripting.Flow.csproj", "{AE828408-4B48-9C7D-5CE7-F673352CE3DE}"
EndProject
Project("{FAE04EC0-301F-11D3-BF4B-00C04F79EFBC}") = "Unity.Timeline.Editor", "Unity.Timeline.Editor.csproj", "{767F4E83-622B-FC5C-CB10-FC277FF5A108}"
EndProject
Project("{FAE04EC0-301F-11D3-BF4B-00C04F79EFBC}") = "Unity.PlasticSCM.Editor", "Unity.PlasticSCM.Editor.csproj", "{FC5C8B25-3629-801C-F358-5A76FFD0167E}"
EndProject
Project("{FAE04EC0-301F-11D3-BF4B-00C04F79EFBC}") = "Assembly-CSharp", "Assembly-CSharp.csproj", "{B0B34E8A-8B03-B7BC-0024-7BAC9D4578C4}"
EndProject
Project("{FAE04EC0-301F-11D3-BF4B-00C04F79EFBC}") = "Unity.VisualScripting.Core.Editor", "Unity.VisualScripting.Core.Editor.csproj", "{333C9FEF-24D1-02A7-8326-9FB266F344FF}"
EndProject
Project("{FAE04EC0-301F-11D3-BF4B-00C04F79EFBC}") = "UnityEditor.TestRunner", "UnityEditor.TestRunner.csproj", "{44034BE6-44BD-969E-0FA3-FABB4C3BBB83}"
EndProject
Project("{FAE04EC0-301F-11D3-BF4B-00C04F79EFBC}") = "UnityEngine.TestRunner", "UnityEngine.TestRunner.csproj", "{98389026-0287-2E06-0C11-366512AC9005}"
EndProject
Project("{FAE04EC0-301F-11D3-BF4B-00C04F79EFBC}") = "Unity.VisualScripting.Core", "Unity.VisualScripting.Core.csproj", "{FBF719E1-0066-FFC3-19F3-9E4B0062E745}"
EndProject
Project("{FAE04EC0-301F-11D3-BF4B-00C04F79EFBC}") = "Unity.VisualScripting.Flow.Editor", "Unity.VisualScripting.Flow.Editor.csproj", "{B371CD29-5F05-CD5F-84EA-8183E32285F7}"
EndProject
Project("{FAE04EC0-301F-11D3-BF4B-00C04F79EFBC}") = "Unity.VisualStudio.Editor", "Unity.VisualStudio.Editor.csproj", "{E615A98C-0DF5-050E-A651-B28D787A6DDD}"
EndProject
Project("{FAE04EC0-301F-11D3-BF4B-00C04F79EFBC}") = "Unity.TestTools.CodeCoverage.Editor.OpenCover.Model", "Unity.TestTools.CodeCoverage.Editor.OpenCover.Model.csproj", "{3EA5609F-2FEC-4648-69DC-2DFD1DBE112F}"
EndProject
Project("{FAE04EC0-301F-11D3-BF4B-00C04F79EFBC}") = "Unity.Rider.Editor", "Unity.Rider.Editor.csproj", "{4FC880A8-6099-266A-44FE-DC9AF7E84F87}"
EndProject
Project("{FAE04EC0-301F-11D3-BF4B-00C04F79EFBC}") = "Unity.VisualScripting.State.Editor", "Unity.VisualScripting.State.Editor.csproj", "{C8F68346-ED14-75B9-EBE9-B2B72074AF64}"
EndProject
Project("{FAE04EC0-301F-11D3-BF4B-00C04F79EFBC}") = "Unity.TestTools.CodeCoverage.Editor", "Unity.TestTools.CodeCoverage.Editor.csproj", "{6BD03CF3-C45E-AEF2-A382-91ABB19CFC9B}"
EndProject
Project("{FAE04EC0-301F-11D3-BF4B-00C04F79EFBC}") = "Unity.VisualScripting.State", "Unity.VisualScripting.State.csproj", "{8DE44963-CF39-FE59-E410-121530C7A407}"
EndProject
Project("{FAE04EC0-301F-11D3-BF4B-00C04F79EFBC}") = "Unity.Performance.Profile-Analyzer.Editor", "Unity.Performance.Profile-Analyzer.Editor.csproj", "{031818D9-631A-6DCA-49C4-E6DA206C36CA}"
EndProject
Project("{FAE04EC0-301F-11D3-BF4B-00C04F79EFBC}") = "Unity.VisualScripting.SettingsProvider.Editor", "Unity.VisualScripting.SettingsProvider.Editor.csproj", "{13E1B353-7F1E-942B-83C1-816B79BF6772}"
EndProject
Project("{FAE04EC0-301F-11D3-BF4B-00C04F79EFBC}") = "Unity.TestTools.CodeCoverage.Editor.OpenCover.Mono.Reflection", "Unity.TestTools.CodeCoverage.Editor.OpenCover.Mono.Reflection.csproj", "{A453290D-17C9-F6AE-590D-12FCBAA4C6C5}"
EndProject
Project("{FAE04EC0-301F-11D3-BF4B-00C04F79EFBC}") = "Unity.Settings.Editor", "Unity.Settings.Editor.csproj", "{638EDE84-EBAA-67CA-44FD-4E6B0FB7B839}"
EndProject
Project("{FAE04EC0-301F-11D3-BF4B-00C04F79EFBC}") = "Unity.InputSystem.ForUI", "Unity.InputSystem.ForUI.csproj", "{A52F3B2B-F872-B843-C1E7-3698CCE251C7}"
EndProject
Project("{FAE04EC0-301F-11D3-BF4B-00C04F79EFBC}") = "Unity.InputSystem.TestFramework", "Unity.InputSystem.TestFramework.csproj", "{98024B4D-20A8-AF46-F983-671676374C10}"
EndProject
Project("{FAE04EC0-301F-11D3-BF4B-00C04F79EFBC}") = "Unity.VisualScripting.Shared.Editor", "Unity.VisualScripting.Shared.Editor.csproj", "{85033048-03A6-5CDC-D372-8C978E4B7E94}"
EndProject
Project("{FAE04EC0-301F-11D3-BF4B-00C04F79EFBC}") = "Unity.EditorCoroutines.Editor", "Unity.EditorCoroutines.Editor.csproj", "{8A84BC68-78FC-0900-FD97-D6E1C74120C3}"
EndProject
Project("{FAE04EC0-301F-11D3-BF4B-00C04F79EFBC}") = "Unity.CollabProxy.Editor", "Unity.CollabProxy.Editor.csproj", "{38050D65-4D43-6C15-B2B2-D5B0FC22D02E}"
EndProject
Global
	GlobalSection(SolutionConfigurationPlatforms) = preSolution
		Debug|Any CPU = Debug|Any CPU
		Release|Any CPU = Release|Any CPU
	EndGlobalSection
	GlobalSection(ProjectConfigurationPlatforms) = postSolution
		{752DCDAF-2A10-7EE8-0744-BB00E07E2330}.Debug|Any CPU.ActiveCfg = Debug|Any CPU
		{752DCDAF-2A10-7EE8-0744-BB00E07E2330}.Debug|Any CPU.Build.0 = Debug|Any CPU
		{752DCDAF-2A10-7EE8-0744-BB00E07E2330}.Release|Any CPU.ActiveCfg = Release|Any CPU
		{752DCDAF-2A10-7EE8-0744-BB00E07E2330}.Release|Any CPU.Build.0 = Release|Any CPU
		{694D0565-A92D-DEA1-1851-AD5D09AB346B}.Debug|Any CPU.ActiveCfg = Debug|Any CPU
		{694D0565-A92D-DEA1-1851-AD5D09AB346B}.Debug|Any CPU.Build.0 = Debug|Any CPU
		{694D0565-A92D-DEA1-1851-AD5D09AB346B}.Release|Any CPU.ActiveCfg = Release|Any CPU
		{694D0565-A92D-DEA1-1851-AD5D09AB346B}.Release|Any CPU.Build.0 = Release|Any CPU
		{AE828408-4B48-9C7D-5CE7-F673352CE3DE}.Debug|Any CPU.ActiveCfg = Debug|Any CPU
		{AE828408-4B48-9C7D-5CE7-F673352CE3DE}.Debug|Any CPU.Build.0 = Debug|Any CPU
		{AE828408-4B48-9C7D-5CE7-F673352CE3DE}.Release|Any CPU.ActiveCfg = Release|Any CPU
		{AE828408-4B48-9C7D-5CE7-F673352CE3DE}.Release|Any CPU.Build.0 = Release|Any CPU
		{767F4E83-622B-FC5C-CB10-FC277FF5A108}.Debug|Any CPU.ActiveCfg = Debug|Any CPU
		{767F4E83-622B-FC5C-CB10-FC277FF5A108}.Debug|Any CPU.Build.0 = Debug|Any CPU
		{767F4E83-622B-FC5C-CB10-FC277FF5A108}.Release|Any CPU.ActiveCfg = Release|Any CPU
		{767F4E83-622B-FC5C-CB10-FC277FF5A108}.Release|Any CPU.Build.0 = Release|Any CPU
		{FC5C8B25-3629-801C-F358-5A76FFD0167E}.Debug|Any CPU.ActiveCfg = Debug|Any CPU
		{FC5C8B25-3629-801C-F358-5A76FFD0167E}.Debug|Any CPU.Build.0 = Debug|Any CPU
		{FC5C8B25-3629-801C-F358-5A76FFD0167E}.Release|Any CPU.ActiveCfg = Release|Any CPU
		{FC5C8B25-3629-801C-F358-5A76FFD0167E}.Release|Any CPU.Build.0 = Release|Any CPU
		{B0B34E8A-8B03-B7BC-0024-7BAC9D4578C4}.Debug|Any CPU.ActiveCfg = Debug|Any CPU
		{B0B34E8A-8B03-B7BC-0024-7BAC9D4578C4}.Debug|Any CPU.Build.0 = Debug|Any CPU
		{B0B34E8A-8B03-B7BC-0024-7BAC9D4578C4}.Release|Any CPU.ActiveCfg = Release|Any CPU
		{B0B34E8A-8B03-B7BC-0024-7BAC9D4578C4}.Release|Any CPU.Build.0 = Release|Any CPU
		{333C9FEF-24D1-02A7-8326-9FB266F344FF}.Debug|Any CPU.ActiveCfg = Debug|Any CPU
		{333C9FEF-24D1-02A7-8326-9FB266F344FF}.Debug|Any CPU.Build.0 = Debug|Any CPU
		{333C9FEF-24D1-02A7-8326-9FB266F344FF}.Release|Any CPU.ActiveCfg = Release|Any CPU
		{333C9FEF-24D1-02A7-8326-9FB266F344FF}.Release|Any CPU.Build.0 = Release|Any CPU
		{44034BE6-44BD-969E-0FA3-FABB4C3BBB83}.Debug|Any CPU.ActiveCfg = Debug|Any CPU
		{44034BE6-44BD-969E-0FA3-FABB4C3BBB83}.Debug|Any CPU.Build.0 = Debug|Any CPU
		{44034BE6-44BD-969E-0FA3-FABB4C3BBB83}.Release|Any CPU.ActiveCfg = Release|Any CPU
		{44034BE6-44BD-969E-0FA3-FABB4C3BBB83}.Release|Any CPU.Build.0 = Release|Any CPU
		{98389026-0287-2E06-0C11-366512AC9005}.Debug|Any CPU.ActiveCfg = Debug|Any CPU
		{98389026-0287-2E06-0C11-366512AC9005}.Debug|Any CPU.Build.0 = Debug|Any CPU
		{98389026-0287-2E06-0C11-366512AC9005}.Release|Any CPU.ActiveCfg = Release|Any CPU
		{98389026-0287-2E06-0C11-366512AC9005}.Release|Any CPU.Build.0 = Release|Any CPU
		{FBF719E1-0066-FFC3-19F3-9E4B0062E745}.Debug|Any CPU.ActiveCfg = Debug|Any CPU
		{FBF719E1-0066-FFC3-19F3-9E4B0062E745}.Debug|Any CPU.Build.0 = Debug|Any CPU
		{FBF719E1-0066-FFC3-19F3-9E4B0062E745}.Release|Any CPU.ActiveCfg = Release|Any CPU
		{FBF719E1-0066-FFC3-19F3-9E4B0062E745}.Release|Any CPU.Build.0 = Release|Any CPU
		{B371CD29-5F05-CD5F-84EA-8183E32285F7}.Debug|Any CPU.ActiveCfg = Debug|Any CPU
		{B371CD29-5F05-CD5F-84EA-8183E32285F7}.Debug|Any CPU.Build.0 = Debug|Any CPU
		{B371CD29-5F05-CD5F-84EA-8183E32285F7}.Release|Any CPU.ActiveCfg = Release|Any CPU
		{B371CD29-5F05-CD5F-84EA-8183E32285F7}.Release|Any CPU.Build.0 = Release|Any CPU
		{E615A98C-0DF5-050E-A651-B28D787A6DDD}.Debug|Any CPU.ActiveCfg = Debug|Any CPU
		{E615A98C-0DF5-050E-A651-B28D787A6DDD}.Debug|Any CPU.Build.0 = Debug|Any CPU
		{E615A98C-0DF5-050E-A651-B28D787A6DDD}.Release|Any CPU.ActiveCfg = Release|Any CPU
		{E615A98C-0DF5-050E-A651-B28D787A6DDD}.Release|Any CPU.Build.0 = Release|Any CPU
		{3EA5609F-2FEC-4648-69DC-2DFD1DBE112F}.Debug|Any CPU.ActiveCfg = Debug|Any CPU
		{3EA5609F-2FEC-4648-69DC-2DFD1DBE112F}.Debug|Any CPU.Build.0 = Debug|Any CPU
		{3EA5609F-2FEC-4648-69DC-2DFD1DBE112F}.Release|Any CPU.ActiveCfg = Release|Any CPU
		{3EA5609F-2FEC-4648-69DC-2DFD1DBE112F}.Release|Any CPU.Build.0 = Release|Any CPU
		{4FC880A8-6099-266A-44FE-DC9AF7E84F87}.Debug|Any CPU.ActiveCfg = Debug|Any CPU
		{4FC880A8-6099-266A-44FE-DC9AF7E84F87}.Debug|Any CPU.Build.0 = Debug|Any CPU
		{4FC880A8-6099-266A-44FE-DC9AF7E84F87}.Release|Any CPU.ActiveCfg = Release|Any CPU
		{4FC880A8-6099-266A-44FE-DC9AF7E84F87}.Release|Any CPU.Build.0 = Release|Any CPU
		{C8F68346-ED14-75B9-EBE9-B2B72074AF64}.Debug|Any CPU.ActiveCfg = Debug|Any CPU
		{C8F68346-ED14-75B9-EBE9-B2B72074AF64}.Debug|Any CPU.Build.0 = Debug|Any CPU
		{C8F68346-ED14-75B9-EBE9-B2B72074AF64}.Release|Any CPU.ActiveCfg = Release|Any CPU
		{C8F68346-ED14-75B9-EBE9-B2B72074AF64}.Release|Any CPU.Build.0 = Release|Any CPU
		{6BD03CF3-C45E-AEF2-A382-91ABB19CFC9B}.Debug|Any CPU.ActiveCfg = Debug|Any CPU
		{6BD03CF3-C45E-AEF2-A382-91ABB19CFC9B}.Debug|Any CPU.Build.0 = Debug|Any CPU
		{6BD03CF3-C45E-AEF2-A382-91ABB19CFC9B}.Release|Any CPU.ActiveCfg = Release|Any CPU
		{6BD03CF3-C45E-AEF2-A382-91ABB19CFC9B}.Release|Any CPU.Build.0 = Release|Any CPU
		{8DE44963-CF39-FE59-E410-121530C7A407}.Debug|Any CPU.ActiveCfg = Debug|Any CPU
		{8DE44963-CF39-FE59-E410-121530C7A407}.Debug|Any CPU.Build.0 = Debug|Any CPU
		{8DE44963-CF39-FE59-E410-121530C7A407}.Release|Any CPU.ActiveCfg = Release|Any CPU
		{8DE44963-CF39-FE59-E410-121530C7A407}.Release|Any CPU.Build.0 = Release|Any CPU
		{031818D9-631A-6DCA-49C4-E6DA206C36CA}.Debug|Any CPU.ActiveCfg = Debug|Any CPU
		{031818D9-631A-6DCA-49C4-E6DA206C36CA}.Debug|Any CPU.Build.0 = Debug|Any CPU
		{031818D9-631A-6DCA-49C4-E6DA206C36CA}.Release|Any CPU.ActiveCfg = Release|Any CPU
		{031818D9-631A-6DCA-49C4-E6DA206C36CA}.Release|Any CPU.Build.0 = Release|Any CPU
		{13E1B353-7F1E-942B-83C1-816B79BF6772}.Debug|Any CPU.ActiveCfg = Debug|Any CPU
		{13E1B353-7F1E-942B-83C1-816B79BF6772}.Debug|Any CPU.Build.0 = Debug|Any CPU
		{13E1B353-7F1E-942B-83C1-816B79BF6772}.Release|Any CPU.ActiveCfg = Release|Any CPU
		{13E1B353-7F1E-942B-83C1-816B79BF6772}.Release|Any CPU.Build.0 = Release|Any CPU
		{A453290D-17C9-F6AE-590D-12FCBAA4C6C5}.Debug|Any CPU.ActiveCfg = Debug|Any CPU
		{A453290D-17C9-F6AE-590D-12FCBAA4C6C5}.Debug|Any CPU.Build.0 = Debug|Any CPU
		{A453290D-17C9-F6AE-590D-12FCBAA4C6C5}.Release|Any CPU.ActiveCfg = Release|Any CPU
		{A453290D-17C9-F6AE-590D-12FCBAA4C6C5}.Release|Any CPU.Build.0 = Release|Any CPU
		{638EDE84-EBAA-67CA-44FD-4E6B0FB7B839}.Debug|Any CPU.ActiveCfg = Debug|Any CPU
		{638EDE84-EBAA-67CA-44FD-4E6B0FB7B839}.Debug|Any CPU.Build.0 = Debug|Any CPU
		{638EDE84-EBAA-67CA-44FD-4E6B0FB7B839}.Release|Any CPU.ActiveCfg = Release|Any CPU
		{638EDE84-EBAA-67CA-44FD-4E6B0FB7B839}.Release|Any CPU.Build.0 = Release|Any CPU
		{A52F3B2B-F872-B843-C1E7-3698CCE251C7}.Debug|Any CPU.ActiveCfg = Debug|Any CPU
		{A52F3B2B-F872-B843-C1E7-3698CCE251C7}.Debug|Any CPU.Build.0 = Debug|Any CPU
		{A52F3B2B-F872-B843-C1E7-3698CCE251C7}.Release|Any CPU.ActiveCfg = Release|Any CPU
		{A52F3B2B-F872-B843-C1E7-3698CCE251C7}.Release|Any CPU.Build.0 = Release|Any CPU
		{98024B4D-20A8-AF46-F983-671676374C10}.Debug|Any CPU.ActiveCfg = Debug|Any CPU
		{98024B4D-20A8-AF46-F983-671676374C10}.Debug|Any CPU.Build.0 = Debug|Any CPU
		{98024B4D-20A8-AF46-F983-671676374C10}.Release|Any CPU.ActiveCfg = Release|Any CPU
		{98024B4D-20A8-AF46-F983-671676374C10}.Release|Any CPU.Build.0 = Release|Any CPU
		{85033048-03A6-5CDC-D372-8C978E4B7E94}.Debug|Any CPU.ActiveCfg = Debug|Any CPU
		{85033048-03A6-5CDC-D372-8C978E4B7E94}.Debug|Any CPU.Build.0 = Debug|Any CPU
		{85033048-03A6-5CDC-D372-8C978E4B7E94}.Release|Any CPU.ActiveCfg = Release|Any CPU
		{85033048-03A6-5CDC-D372-8C978E4B7E94}.Release|Any CPU.Build.0 = Release|Any CPU
		{8A84BC68-78FC-0900-FD97-D6E1C74120C3}.Debug|Any CPU.ActiveCfg = Debug|Any CPU
		{8A84BC68-78FC-0900-FD97-D6E1C74120C3}.Debug|Any CPU.Build.0 = Debug|Any CPU
		{8A84BC68-78FC-0900-FD97-D6E1C74120C3}.Release|Any CPU.ActiveCfg = Release|Any CPU
		{8A84BC68-78FC-0900-FD97-D6E1C74120C3}.Release|Any CPU.Build.0 = Release|Any CPU
		{38050D65-4D43-6C15-B2B2-D5B0FC22D02E}.Debug|Any CPU.ActiveCfg = Debug|Any CPU
		{38050D65-4D43-6C15-B2B2-D5B0FC22D02E}.Debug|Any CPU.Build.0 = Debug|Any CPU
		{38050D65-4D43-6C15-B2B2-D5B0FC22D02E}.Release|Any CPU.ActiveCfg = Release|Any CPU
		{38050D65-4D43-6C15-B2B2-D5B0FC22D02E}.Release|Any CPU.Build.0 = Release|Any CPU
	EndGlobalSection
	GlobalSection(SolutionProperties) = preSolution
		HideSolutionNode = FALSE
	EndGlobalSection
EndGlobal
